
Microsoft Visual Studio Solution File, Format Version 12.00
# Visual Studio 2015
Project("{FAE04EC0-301F-11D3-BF4B-00C04F79EFBC}") = "FPSGES.Plugins", "FPSGES.Plugins.csproj", "{4AFCC0C6-07EE-7FF3-5FBF-4F1F6E576531}"
EndProject
Project("{FAE04EC0-301F-11D3-BF4B-00C04F79EFBC}") = "FPSGES", "FPSGES.csproj", "{6B050D71-242A-1619-9408-0025667BBF9B}"
EndProject
Project("{FAE04EC0-301F-11D3-BF4B-00C04F79EFBC}") = "FPSGES.Editor", "FPSGES.Editor.csproj", "{8055324B-7814-BC5E-6A9D-2A5D40A5BE92}"
EndProject
Global
	GlobalSection(SolutionConfigurationPlatforms) = preSolution
		Debug|Any CPU = Debug|Any CPU
		Release|Any CPU = Release|Any CPU
	EndGlobalSection
	GlobalSection(ProjectConfigurationPlatforms) = postSolution
		{4AFCC0C6-07EE-7FF3-5FBF-4F1F6E576531}.Debug|Any CPU.ActiveCfg = Debug|Any CPU
		{4AFCC0C6-07EE-7FF3-5FBF-4F1F6E576531}.Debug|Any CPU.Build.0 = Debug|Any CPU
		{4AFCC0C6-07EE-7FF3-5FBF-4F1F6E576531}.Release|Any CPU.ActiveCfg = Release|Any CPU
		{4AFCC0C6-07EE-7FF3-5FBF-4F1F6E576531}.Release|Any CPU.Build.0 = Release|Any CPU
		{6B050D71-242A-1619-9408-0025667BBF9B}.Debug|Any CPU.ActiveCfg = Debug|Any CPU
		{6B050D71-242A-1619-9408-0025667BBF9B}.Debug|Any CPU.Build.0 = Debug|Any CPU
		{6B050D71-242A-1619-9408-0025667BBF9B}.Release|Any CPU.ActiveCfg = Release|Any CPU
		{6B050D71-242A-1619-9408-0025667BBF9B}.Release|Any CPU.Build.0 = Release|Any CPU
		{8055324B-7814-BC5E-6A9D-2A5D40A5BE92}.Debug|Any CPU.ActiveCfg = Debug|Any CPU
		{8055324B-7814-BC5E-6A9D-2A5D40A5BE92}.Debug|Any CPU.Build.0 = Debug|Any CPU
		{8055324B-7814-BC5E-6A9D-2A5D40A5BE92}.Release|Any CPU.ActiveCfg = Release|Any CPU
		{8055324B-7814-BC5E-6A9D-2A5D40A5BE92}.Release|Any CPU.Build.0 = Release|Any CPU
	EndGlobalSection
	GlobalSection(SolutionProperties) = preSolution
		HideSolutionNode = FALSE
	EndGlobalSection
EndGlobal
